github.com/future-wd/hugo-imaging-common v0.0.1 h1:mNXolS+gC86nG6enkDJMaOgIQLBcLLtKd4Ar6xi3ZUk=
github.com/future-wd/hugo-imaging-common v0.0.1/go.mod h1:T+CwESc3sveTg/R4X/2AeQszY52MuqfyNuVV2UmSn+E=
github.com/future-wd/hugo-imaging-common v0.0.2 h1:NF1Tp/3J3sK21t/K39whQJCbaI/M9VCnbxQYRXXYQ2s=
github.com/future-wd/hugo-imaging-common v0.0.2/go.mod h1:T+CwESc3sveTg/R4X/2AeQszY52MuqfyNuVV2UmSn+E=
github.com/future-wd/hugo-imaging-common v0.0.3 h1:EpCKeAC+SXfV/Ci1fvoNBl81eG2iIYUYtHebJf1I2Hc=
github.com/future-wd/hugo-imaging-common v0.0.3/go.mod h1:T+CwESc3sveTg/R4X/2AeQszY52MuqfyNuVV2UmSn+E=
github.com/future-wd/hugo-imaging-common v0.0.4 h1:0nJ/YtiYPE/GX9D3kUfR0/ZKLALyUma/HXwqph3OokM=
github.com/future-wd/hugo-imaging-common v0.0.4/go.mod h1:T+CwESc3sveTg/R4X/2AeQszY52MuqfyNuVV2UmSn+E=
