lockfileVersion: 5.4

specifiers:
  bootstrap: ^5.2.3
  lazysizes: ^5.3.2

dependencies:
  bootstrap: 5.2.3_@popperjs+core@2.11.6
  lazysizes: 5.3.2

packages:

  /@popperjs/core/2.11.6:
    resolution: {integrity: sha512-50/17A98tWUfQ176raKiOGXuYpLyyVMkxxG6oylzL3BPOlA6ADGdK7EYunSa4I064xerltq9TGXs8HmOk5E+vw==}
    dev: false

  /bootstrap/5.2.3_@popperjs+core@2.11.6:
    resolution: {integrity: sha512-cEKPM+fwb3cT8NzQZYEu4HilJ3anCrWqh3CHAok1p9jXqMPsPTBhU25fBckEJHJ/p+tTxTFTsFQGM+gaHpi3QQ==}
    peerDependencies:
      '@popperjs/core': ^2.11.6
    dependencies:
      '@popperjs/core': 2.11.6
    dev: false

  /lazysizes/5.3.2:
    resolution: {integrity: sha512-22UzWP+Vedi/sMeOr8O7FWimRVtiNJV2HCa+V8+peZOw6QbswN9k58VUhd7i6iK5bw5QkYrF01LJbeJe0PV8jg==}
    dev: false
